
Microsoft Visual Studio Solution File, Format Version 12.00
# Visual Studio Version 16
VisualStudioVersion = 16.0.32510.428
MinimumVisualStudioVersion = 10.0.40219.1
Project("{9A19103F-16F7-4668-BE54-9A1E7A4F7556}") = "WebSiteSaver.ConsoleApp", "WebSiteSaver\WebSiteSaver.ConsoleApp.csproj", "{F257CF64-921E-4FE4-98B2-610711A0898A}"
EndProject
Project("{FAE04EC0-301F-11D3-BF4B-00C04F79EFBC}") = "WebSiteSaver.Infrastructure", "WebSiteSaver.Infrastructure\WebSiteSaver.Infrastructure.csproj", "{5FE7B62F-8AAD-4547-A72E-CE7DF73AA6CE}"
EndProject
Project("{FAE04EC0-301F-11D3-BF4B-00C04F79EFBC}") = "WebSiteSaver.Application", "WebSiteSaver.Application\WebSiteSaver.Application.csproj", "{45DE9655-E857-448C-B91B-A9721F626017}"
EndProject
Global
	GlobalSection(SolutionConfigurationPlatforms) = preSolution
		Debug|Any CPU = Debug|Any CPU
		Release|Any CPU = Release|Any CPU
	EndGlobalSection
	GlobalSection(ProjectConfigurationPlatforms) = postSolution
		{F257CF64-921E-4FE4-98B2-610711A0898A}.Debug|Any CPU.ActiveCfg = Debug|Any CPU
		{F257CF64-921E-4FE4-98B2-610711A0898A}.Debug|Any CPU.Build.0 = Debug|Any CPU
		{F257CF64-921E-4FE4-98B2-610711A0898A}.Release|Any CPU.ActiveCfg = Release|Any CPU
		{F257CF64-921E-4FE4-98B2-610711A0898A}.Release|Any CPU.Build.0 = Release|Any CPU
		{5FE7B62F-8AAD-4547-A72E-CE7DF73AA6CE}.Debug|Any CPU.ActiveCfg = Debug|Any CPU
		{5FE7B62F-8AAD-4547-A72E-CE7DF73AA6CE}.Debug|Any CPU.Build.0 = Debug|Any CPU
		{5FE7B62F-8AAD-4547-A72E-CE7DF73AA6CE}.Release|Any CPU.ActiveCfg = Release|Any CPU
		{5FE7B62F-8AAD-4547-A72E-CE7DF73AA6CE}.Release|Any CPU.Build.0 = Release|Any CPU
		{45DE9655-E857-448C-B91B-A9721F626017}.Debug|Any CPU.ActiveCfg = Debug|Any CPU
		{45DE9655-E857-448C-B91B-A9721F626017}.Debug|Any CPU.Build.0 = Debug|Any CPU
		{45DE9655-E857-448C-B91B-A9721F626017}.Release|Any CPU.ActiveCfg = Release|Any CPU
		{45DE9655-E857-448C-B91B-A9721F626017}.Release|Any CPU.Build.0 = Release|Any CPU
	EndGlobalSection
	GlobalSection(SolutionProperties) = preSolution
		HideSolutionNode = FALSE
	EndGlobalSection
	GlobalSection(ExtensibilityGlobals) = postSolution
		SolutionGuid = {D2E94BE6-C0D0-4AC0-B9E4-CF215F6D9768}
	EndGlobalSection
EndGlobal
